
Microsoft Visual Studio Solution File, Format Version 12.00
# Visual Studio Version 17
VisualStudioVersion = 17.6.33815.320
MinimumVisualStudioVersion = 10.0.40219.1
Project("{9A19103F-16F7-4668-BE54-9A1E7A4F7556}") = "ORM", "ORM\ORM.csproj", "{BC8169A9-E887-40FD-8C3D-B6CB41798376}"
EndProject
Project("{9A19103F-16F7-4668-BE54-9A1E7A4F7556}") = "Core", "Core\Core.csproj", "{330BE8A1-44A9-465B-B96E-A8DB4C1756CA}"
EndProject
Project("{9A19103F-16F7-4668-BE54-9A1E7A4F7556}") = "API", "WebAPI\API.csproj", "{94E28C00-92B8-4696-8856-0E5E134324A2}"
EndProject
Project("{FAE04EC0-301F-11D3-BF4B-00C04F79EFBC}") = "Tenant", "Tenant\Tenant.csproj", "{964C3E20-829D-453E-AADF-420409C16EBC}"
EndProject
Global
	GlobalSection(SolutionConfigurationPlatforms) = preSolution
		Debug|Any CPU = Debug|Any CPU
		Release|Any CPU = Release|Any CPU
	EndGlobalSection
	GlobalSection(ProjectConfigurationPlatforms) = postSolution
		{BC8169A9-E887-40FD-8C3D-B6CB41798376}.Debug|Any CPU.ActiveCfg = Debug|Any CPU
		{BC8169A9-E887-40FD-8C3D-B6CB41798376}.Debug|Any CPU.Build.0 = Debug|Any CPU
		{BC8169A9-E887-40FD-8C3D-B6CB41798376}.Release|Any CPU.ActiveCfg = Release|Any CPU
		{BC8169A9-E887-40FD-8C3D-B6CB41798376}.Release|Any CPU.Build.0 = Release|Any CPU
		{330BE8A1-44A9-465B-B96E-A8DB4C1756CA}.Debug|Any CPU.ActiveCfg = Debug|Any CPU
		{330BE8A1-44A9-465B-B96E-A8DB4C1756CA}.Debug|Any CPU.Build.0 = Debug|Any CPU
		{330BE8A1-44A9-465B-B96E-A8DB4C1756CA}.Release|Any CPU.ActiveCfg = Release|Any CPU
		{330BE8A1-44A9-465B-B96E-A8DB4C1756CA}.Release|Any CPU.Build.0 = Release|Any CPU
		{94E28C00-92B8-4696-8856-0E5E134324A2}.Debug|Any CPU.ActiveCfg = Debug|Any CPU
		{94E28C00-92B8-4696-8856-0E5E134324A2}.Debug|Any CPU.Build.0 = Debug|Any CPU
		{94E28C00-92B8-4696-8856-0E5E134324A2}.Release|Any CPU.ActiveCfg = Release|Any CPU
		{94E28C00-92B8-4696-8856-0E5E134324A2}.Release|Any CPU.Build.0 = Release|Any CPU
		{964C3E20-829D-453E-AADF-420409C16EBC}.Debug|Any CPU.ActiveCfg = Debug|Any CPU
		{964C3E20-829D-453E-AADF-420409C16EBC}.Debug|Any CPU.Build.0 = Debug|Any CPU
		{964C3E20-829D-453E-AADF-420409C16EBC}.Release|Any CPU.ActiveCfg = Release|Any CPU
		{964C3E20-829D-453E-AADF-420409C16EBC}.Release|Any CPU.Build.0 = Release|Any CPU
	EndGlobalSection
	GlobalSection(SolutionProperties) = preSolution
		HideSolutionNode = FALSE
	EndGlobalSection
	GlobalSection(ExtensibilityGlobals) = postSolution
		SolutionGuid = {68515EF6-1528-4CB5-9F48-BFF81C2AE32D}
	EndGlobalSection
EndGlobal
